
Microsoft Visual Studio Solution File, Format Version 12.00
# Visual Studio Version 17
VisualStudioVersion = 17.1.32210.238
MinimumVisualStudioVersion = 10.0.40219.1
Project("{9A19103F-16F7-4668-BE54-9A1E7A4F7556}") = "Xiaoheihe_CShape", "Xiaoheihe_CShape\Xiaoheihe_CShape.csproj", "{E5109F2E-FECD-45F0-A2F8-C56EF2994D03}"
EndProject
Project("{9A19103F-16F7-4668-BE54-9A1E7A4F7556}") = "Xiaoheihe_Core", "Xiaoheihe_Core\Xiaoheihe_Core.csproj", "{0311D383-AADA-4D2A-9833-0641443007F7}"
EndProject
Global
	GlobalSection(SolutionConfigurationPlatforms) = preSolution
		Debug|Any CPU = Debug|Any CPU
		Release|Any CPU = Release|Any CPU
	EndGlobalSection
	GlobalSection(ProjectConfigurationPlatforms) = postSolution
		{E5109F2E-FECD-45F0-A2F8-C56EF2994D03}.Debug|Any CPU.ActiveCfg = Debug|Any CPU
		{E5109F2E-FECD-45F0-A2F8-C56EF2994D03}.Debug|Any CPU.Build.0 = Debug|Any CPU
		{E5109F2E-FECD-45F0-A2F8-C56EF2994D03}.Release|Any CPU.ActiveCfg = Release|Any CPU
		{E5109F2E-FECD-45F0-A2F8-C56EF2994D03}.Release|Any CPU.Build.0 = Release|Any CPU
		{0311D383-AADA-4D2A-9833-0641443007F7}.Debug|Any CPU.ActiveCfg = Debug|Any CPU
		{0311D383-AADA-4D2A-9833-0641443007F7}.Debug|Any CPU.Build.0 = Debug|Any CPU
		{0311D383-AADA-4D2A-9833-0641443007F7}.Release|Any CPU.ActiveCfg = Release|Any CPU
		{0311D383-AADA-4D2A-9833-0641443007F7}.Release|Any CPU.Build.0 = Release|Any CPU
	EndGlobalSection
	GlobalSection(SolutionProperties) = preSolution
		HideSolutionNode = FALSE
	EndGlobalSection
	GlobalSection(ExtensibilityGlobals) = postSolution
		SolutionGuid = {F42ED091-F6D6-4167-AEA6-34BEECA79572}
	EndGlobalSection
EndGlobal
